
Microsoft Visual Studio Solution File, Format Version 12.00
# Visual Studio Version 17
VisualStudioVersion = 17.7.34031.279
MinimumVisualStudioVersion = 10.0.40219.1
Project("{FAE04EC0-301F-11D3-BF4B-00C04F79EFBC}") = "Calculadora de Juros de Financiamento", "Calculadora de Juros de Financiamento\Calculadora de Juros de Financiamento.csproj", "{B7A21F25-68B9-4977-AD73-62A3AD9209A1}"
EndProject
Global
	GlobalSection(SolutionConfigurationPlatforms) = preSolution
		Debug|Any CPU = Debug|Any CPU
		Release|Any CPU = Release|Any CPU
	EndGlobalSection
	GlobalSection(ProjectConfigurationPlatforms) = postSolution
		{B7A21F25-68B9-4977-AD73-62A3AD9209A1}.Debug|Any CPU.ActiveCfg = Debug|Any CPU
		{B7A21F25-68B9-4977-AD73-62A3AD9209A1}.Debug|Any CPU.Build.0 = Debug|Any CPU
		{B7A21F25-68B9-4977-AD73-62A3AD9209A1}.Release|Any CPU.ActiveCfg = Release|Any CPU
		{B7A21F25-68B9-4977-AD73-62A3AD9209A1}.Release|Any CPU.Build.0 = Release|Any CPU
	EndGlobalSection
	GlobalSection(SolutionProperties) = preSolution
		HideSolutionNode = FALSE
	EndGlobalSection
	GlobalSection(ExtensibilityGlobals) = postSolution
		SolutionGuid = {EEC3EDDF-8B66-4FE2-8D77-4296FCF157E1}
	EndGlobalSection
EndGlobal
